
Microsoft Visual Studio Solution File, Format Version 12.00
# Visual Studio Version 16
VisualStudioVersion = 16.0.31702.278
MinimumVisualStudioVersion = 10.0.40219.1
Project("{9A19103F-16F7-4668-BE54-9A1E7A4F7556}") = "while excs", "while excs\while excs.csproj", "{BE54FB32-54CB-41E8-BDE8-936EA5AC7206}"
EndProject
Project("{9A19103F-16F7-4668-BE54-9A1E7A4F7556}") = "02. Password", "02. Password\02. Password.csproj", "{2862D339-2819-4EDD-AAFF-EECE975C3456}"
EndProject
Project("{FAE04EC0-301F-11D3-BF4B-00C04F79EFBC}") = "03. Sum Numbers", "03. Sum Numbers\03. Sum Numbers.csproj", "{400E35A4-CB32-453B-A77D-F33660B28B90}"
EndProject
Project("{FAE04EC0-301F-11D3-BF4B-00C04F79EFBC}") = "04. Sequence 2k+1", "04. Sequence 2k+1\04. Sequence 2k+1.csproj", "{D501D538-F5C0-4C36-A22E-3D671930EEA4}"
EndProject
Project("{FAE04EC0-301F-11D3-BF4B-00C04F79EFBC}") = "05. Account Balance", "05. Account Balance\05. Account Balance.csproj", "{C350FC23-CBB5-4A7E-8707-E6556E3E3F58}"
EndProject
Project("{FAE04EC0-301F-11D3-BF4B-00C04F79EFBC}") = "06. Max Number", "06. Max Number\06. Max Number.csproj", "{6A74EDBF-8717-4233-A03E-00BFDC662567}"
EndProject
Project("{FAE04EC0-301F-11D3-BF4B-00C04F79EFBC}") = "08. Graduation", "08. Graduation\08. Graduation.csproj", "{D2F67AE6-D980-43D8-9DA0-AA21C537808E}"
EndProject
Global
	GlobalSection(SolutionConfigurationPlatforms) = preSolution
		Debug|Any CPU = Debug|Any CPU
		Release|Any CPU = Release|Any CPU
	EndGlobalSection
	GlobalSection(ProjectConfigurationPlatforms) = postSolution
		{BE54FB32-54CB-41E8-BDE8-936EA5AC7206}.Debug|Any CPU.ActiveCfg = Debug|Any CPU
		{BE54FB32-54CB-41E8-BDE8-936EA5AC7206}.Debug|Any CPU.Build.0 = Debug|Any CPU
		{BE54FB32-54CB-41E8-BDE8-936EA5AC7206}.Release|Any CPU.ActiveCfg = Release|Any CPU
		{BE54FB32-54CB-41E8-BDE8-936EA5AC7206}.Release|Any CPU.Build.0 = Release|Any CPU
		{2862D339-2819-4EDD-AAFF-EECE975C3456}.Debug|Any CPU.ActiveCfg = Debug|Any CPU
		{2862D339-2819-4EDD-AAFF-EECE975C3456}.Debug|Any CPU.Build.0 = Debug|Any CPU
		{2862D339-2819-4EDD-AAFF-EECE975C3456}.Release|Any CPU.ActiveCfg = Release|Any CPU
		{2862D339-2819-4EDD-AAFF-EECE975C3456}.Release|Any CPU.Build.0 = Release|Any CPU
		{400E35A4-CB32-453B-A77D-F33660B28B90}.Debug|Any CPU.ActiveCfg = Debug|Any CPU
		{400E35A4-CB32-453B-A77D-F33660B28B90}.Debug|Any CPU.Build.0 = Debug|Any CPU
		{400E35A4-CB32-453B-A77D-F33660B28B90}.Release|Any CPU.ActiveCfg = Release|Any CPU
		{400E35A4-CB32-453B-A77D-F33660B28B90}.Release|Any CPU.Build.0 = Release|Any CPU
		{D501D538-F5C0-4C36-A22E-3D671930EEA4}.Debug|Any CPU.ActiveCfg = Debug|Any CPU
		{D501D538-F5C0-4C36-A22E-3D671930EEA4}.Debug|Any CPU.Build.0 = Debug|Any CPU
		{D501D538-F5C0-4C36-A22E-3D671930EEA4}.Release|Any CPU.ActiveCfg = Release|Any CPU
		{D501D538-F5C0-4C36-A22E-3D671930EEA4}.Release|Any CPU.Build.0 = Release|Any CPU
		{C350FC23-CBB5-4A7E-8707-E6556E3E3F58}.Debug|Any CPU.ActiveCfg = Debug|Any CPU
		{C350FC23-CBB5-4A7E-8707-E6556E3E3F58}.Debug|Any CPU.Build.0 = Debug|Any CPU
		{C350FC23-CBB5-4A7E-8707-E6556E3E3F58}.Release|Any CPU.ActiveCfg = Release|Any CPU
		{C350FC23-CBB5-4A7E-8707-E6556E3E3F58}.Release|Any CPU.Build.0 = Release|Any CPU
		{6A74EDBF-8717-4233-A03E-00BFDC662567}.Debug|Any CPU.ActiveCfg = Debug|Any CPU
		{6A74EDBF-8717-4233-A03E-00BFDC662567}.Debug|Any CPU.Build.0 = Debug|Any CPU
		{6A74EDBF-8717-4233-A03E-00BFDC662567}.Release|Any CPU.ActiveCfg = Release|Any CPU
		{6A74EDBF-8717-4233-A03E-00BFDC662567}.Release|Any CPU.Build.0 = Release|Any CPU
		{D2F67AE6-D980-43D8-9DA0-AA21C537808E}.Debug|Any CPU.ActiveCfg = Debug|Any CPU
		{D2F67AE6-D980-43D8-9DA0-AA21C537808E}.Debug|Any CPU.Build.0 = Debug|Any CPU
		{D2F67AE6-D980-43D8-9DA0-AA21C537808E}.Release|Any CPU.ActiveCfg = Release|Any CPU
		{D2F67AE6-D980-43D8-9DA0-AA21C537808E}.Release|Any CPU.Build.0 = Release|Any CPU
	EndGlobalSection
	GlobalSection(SolutionProperties) = preSolution
		HideSolutionNode = FALSE
	EndGlobalSection
	GlobalSection(ExtensibilityGlobals) = postSolution
		SolutionGuid = {1FDE5643-4A41-4860-AB9E-7456907923BC}
	EndGlobalSection
EndGlobal
